// !$*UTF8*$!
{
	archiveVersion = 1;
	classes = {
	};
	objectVersion = 46;
	objects = {

/* Begin PBXBuildFile section */
		D0E689581942CA98006C83A2 /* Foundation.framework in Frameworks */ = {isa = PBXBuildFile; fileRef = D0E689571942CA98006C83A2 /* Foundation.framework */; };
		D0E6895A1942CA98006C83A2 /* CoreGraphics.framework in Frameworks */ = {isa = PBXBuildFile; fileRef = D0E689591942CA98006C83A2 /* CoreGraphics.framework */; };
		D0E6895C1942CA98006C83A2 /* UIKit.framework in Frameworks */ = {isa = PBXBuildFile; fileRef = D0E6895B1942CA98006C83A2 /* UIKit.framework */; };
		D0E689621942CA98006C83A2 /* InfoPlist.strings in Resources */ = {isa = PBXBuildFile; fileRef = D0E689601942CA98006C83A2 /* InfoPlist.strings */; };
		D0E689641942CA98006C83A2 /* main.m in Sources */ = {isa = PBXBuildFile; fileRef = D0E689631942CA98006C83A2 /* main.m */; };
		D0E689681942CA98006C83A2 /* AppDelegate.m in Sources */ = {isa = PBXBuildFile; fileRef = D0E689671942CA98006C83A2 /* AppDelegate.m */; };
		D0E6896B1942CA98006C83A2 /* Main.storyboard in Resources */ = {isa = PBXBuildFile; fileRef = D0E689691942CA98006C83A2 /* Main.storyboard */; };
		D0E6896E1942CA98006C83A2 /* ViewController.m in Sources */ = {isa = PBXBuildFile; fileRef = D0E6896D1942CA98006C83A2 /* ViewController.m */; };
		D0E689701942CA98006C83A2 /* Images.xcassets in Resources */ = {isa = PBXBuildFile; fileRef = D0E6896F1942CA98006C83A2 /* Images.xcassets */; };
		D0E689771942CA99006C83A2 /* XCTest.framework in Frameworks */ = {isa = PBXBuildFile; fileRef = D0E689761942CA99006C83A2 /* XCTest.framework */; };
		D0E689781942CA99006C83A2 /* Foundation.framework in Frameworks */ = {isa = PBXBuildFile; fileRef = D0E689571942CA98006C83A2 /* Foundation.framework */; };
		D0E689791942CA99006C83A2 /* UIKit.framework in Frameworks */ = {isa = PBXBuildFile; fileRef = D0E6895B1942CA98006C83A2 /* UIKit.framework */; };
		D0E689811942CA99006C83A2 /* InfoPlist.strings in Resources */ = {isa = PBXBuildFile; fileRef = D0E6897F1942CA99006C83A2 /* InfoPlist.strings */; };
		D0E689831942CA99006C83A2 /* CapsuleTests.m in Sources */ = {isa = PBXBuildFile; fileRef = D0E689821942CA99006C83A2 /* CapsuleTests.m */; };
		D0E6898E1942D402006C83A2 /* CameraViewController.m in Sources */ = {isa = PBXBuildFile; fileRef = D0E6898D1942D402006C83A2 /* CameraViewController.m */; };
/* End PBXBuildFile section */

/* Begin PBXContainerItemProxy section */
		D0E6897A1942CA99006C83A2 /* PBXContainerItemProxy */ = {
			isa = PBXContainerItemProxy;
			containerPortal = D0E6894C1942CA98006C83A2 /* Project object */;
			proxyType = 1;
			remoteGlobalIDString = D0E689531942CA98006C83A2;
			remoteInfo = Capsule;
		};
/* End PBXContainerItemProxy section */

/* Begin PBXFileReference section */
		D0E689541942CA98006C83A2 /* Capsule.app */ = {isa = PBXFileReference; explicitFileType = wrapper.application; includeInIndex = 0; path = Capsule.app; sourceTree = BUILT_PRODUCTS_DIR; };
		D0E689571942CA98006C83A2 /* Foundation.framework */ = {isa = PBXFileReference; lastKnownFileType = wrapper.framework; name = Foundation.framework; path = System/Library/Frameworks/Foundation.framework; sourceTree = SDKROOT; };
		D0E689591942CA98006C83A2 /* CoreGraphics.framework */ = {isa = PBXFileReference; lastKnownFileType = wrapper.framework; name = CoreGraphics.framework; path = System/Library/Frameworks/CoreGraphics.framework; sourceTree = SDKROOT; };
		D0E6895B1942CA98006C83A2 /* UIKit.framework */ = {isa = PBXFileReference; lastKnownFileType = wrapper.framework; name = UIKit.framework; path = System/Library/Frameworks/UIKit.framework; sourceTree = SDKROOT; };
		D0E6895F1942CA98006C83A2 /* Capsule-Info.plist */ = {isa = PBXFileReference; lastKnownFileType = text.plist.xml; path = "Capsule-Info.plist"; sourceTree = "<group>"; };
		D0E689611942CA98006C83A2 /* en */ = {isa = PBXFileReference; lastKnownFileType = text.plist.strings; name = en; path = en.lproj/InfoPlist.strings; sourceTree = "<group>"; };
		D0E689631942CA98006C83A2 /* main.m */ = {isa = PBXFileReference; lastKnownFileType = sourcecode.c.objc; path = main.m; sourceTree = "<group>"; };
		D0E689651942CA98006C83A2 /* Capsule-Prefix.pch */ = {isa = PBXFileReference; lastKnownFileType = sourcecode.c.h; path = "Capsule-Prefix.pch"; sourceTree = "<group>"; };
		D0E689661942CA98006C83A2 /* AppDelegate.h */ = {isa = PBXFileReference; lastKnownFileType = sourcecode.c.h; path = AppDelegate.h; sourceTree = "<group>"; };
		D0E689671942CA98006C83A2 /* AppDelegate.m */ = {isa = PBXFileReference; lastKnownFileType = sourcecode.c.objc; path = AppDelegate.m; sourceTree = "<group>"; };
		D0E6896A1942CA98006C83A2 /* Base */ = {isa = PBXFileReference; lastKnownFileType = file.storyboard; name = Base; path = Base.lproj/Main.storyboard; sourceTree = "<group>"; };
		D0E6896C1942CA98006C83A2 /* ViewController.h */ = {isa = PBXFileReference; lastKnownFileType = sourcecode.c.h; path = ViewController.h; sourceTree = "<group>"; };
		D0E6896D1942CA98006C83A2 /* ViewController.m */ = {isa = PBXFileReference; lastKnownFileType = sourcecode.c.objc; path = ViewController.m; sourceTree = "<group>"; };
		D0E6896F1942CA98006C83A2 /* Images.xcassets */ = {isa = PBXFileReference; lastKnownFileType = folder.assetcatalog; path = Images.xcassets; sourceTree = "<group>"; };
		D0E689751942CA99006C83A2 /* CapsuleTests.xctest */ = {isa = PBXFileReference; explicitFileType = wrapper.cfbundle; includeInIndex = 0; path = CapsuleTests.xctest; sourceTree = BUILT_PRODUCTS_DIR; };
		D0E689761942CA99006C83A2 /* XCTest.framework */ = {isa = PBXFileReference; lastKnownFileType = wrapper.framework; name = XCTest.framework; path = Library/Frameworks/XCTest.framework; sourceTree = DEVELOPER_DIR; };
		D0E6897E1942CA99006C83A2 /* CapsuleTests-Info.plist */ = {isa = PBXFileReference; lastKnownFileType = text.plist.xml; path = "CapsuleTests-Info.plist"; sourceTree = "<group>"; };
		D0E689801942CA99006C83A2 /* en */ = {isa = PBXFileReference; lastKnownFileType = text.plist.strings; name = en; path = en.lproj/InfoPlist.strings; sourceTree = "<group>"; };
		D0E689821942CA99006C83A2 /* CapsuleTests.m */ = {isa = PBXFileReference; lastKnownFileType = sourcecode.c.objc; path = CapsuleTests.m; sourceTree = "<group>"; };
		D0E6898C1942D402006C83A2 /* CameraViewController.h */ = {isa = PBXFileReference; fileEncoding = 4; lastKnownFileType = sourcecode.c.h; path = CameraViewController.h; sourceTree = "<group>"; };
		D0E6898D1942D402006C83A2 /* CameraViewController.m */ = {isa = PBXFileReference; fileEncoding = 4; lastKnownFileType = sourcecode.c.objc; path = CameraViewController.m; sourceTree = "<group>"; };
/* End PBXFileReference section */

/* Begin PBXFrameworksBuildPhase section */
		D0E689511942CA98006C83A2 /* Frameworks */ = {
			isa = PBXFrameworksBuildPhase;
			buildActionMask = 2147483647;
			files = (
				D0E6895A1942CA98006C83A2 /* CoreGraphics.framework in Frameworks */,
				D0E6895C1942CA98006C83A2 /* UIKit.framework in Frameworks */,
				D0E689581942CA98006C83A2 /* Foundation.framework in Frameworks */,
			);
			runOnlyForDeploymentPostprocessing = 0;
		};
		D0E689721942CA99006C83A2 /* Frameworks */ = {
			isa = PBXFrameworksBuildPhase;
			buildActionMask = 2147483647;
			files = (
				D0E689771942CA99006C83A2 /* XCTest.framework in Frameworks */,
				D0E689791942CA99006C83A2 /* UIKit.framework in Frameworks */,
				D0E689781942CA99006C83A2 /* Foundation.framework in Frameworks */,
			);
			runOnlyForDeploymentPostprocessing = 0;
		};
/* End PBXFrameworksBuildPhase section */

/* Begin PBXGroup section */
		D0E6894B1942CA98006C83A2 = {
			isa = PBXGroup;
			children = (
				D0E6895D1942CA98006C83A2 /* Capsule */,
				D0E6897C1942CA99006C83A2 /* CapsuleTests */,
				D0E689561942CA98006C83A2 /* Frameworks */,
				D0E689551942CA98006C83A2 /* Products */,
			);
			sourceTree = "<group>";
		};
		D0E689551942CA98006C83A2 /* Products */ = {
			isa = PBXGroup;
			children = (
				D0E689541942CA98006C83A2 /* Capsule.app */,
				D0E689751942CA99006C83A2 /* CapsuleTests.xctest */,
			);
			name = Products;
			sourceTree = "<group>";
		};
		D0E689561942CA98006C83A2 /* Frameworks */ = {
			isa = PBXGroup;
			children = (
				D0E689571942CA98006C83A2 /* Foundation.framework */,
				D0E689591942CA98006C83A2 /* CoreGraphics.framework */,
				D0E6895B1942CA98006C83A2 /* UIKit.framework */,
				D0E689761942CA99006C83A2 /* XCTest.framework */,
			);
			name = Frameworks;
			sourceTree = "<group>";
		};
		D0E6895D1942CA98006C83A2 /* Capsule */ = {
			isa = PBXGroup;
			children = (
				D0E689661942CA98006C83A2 /* AppDelegate.h */,
				D0E689671942CA98006C83A2 /* AppDelegate.m */,
				D0E689691942CA98006C83A2 /* Main.storyboard */,
				D0E6898C1942D402006C83A2 /* CameraViewController.h */,
				D0E6898D1942D402006C83A2 /* CameraViewController.m */,
				D0E6896C1942CA98006C83A2 /* ViewController.h */,
				D0E6896D1942CA98006C83A2 /* ViewController.m */,
				D0E6896F1942CA98006C83A2 /* Images.xcassets */,
				D0E6895E1942CA98006C83A2 /* Supporting Files */,
			);
			path = Capsule;
			sourceTree = "<group>";
		};
		D0E6895E1942CA98006C83A2 /* Supporting Files */ = {
			isa = PBXGroup;
			children = (
				D0E6895F1942CA98006C83A2 /* Capsule-Info.plist */,
				D0E689601942CA98006C83A2 /* InfoPlist.strings */,
				D0E689631942CA98006C83A2 /* main.m */,
				D0E689651942CA98006C83A2 /* Capsule-Prefix.pch */,
			);
			name = "Supporting Files";
			sourceTree = "<group>";
		};
		D0E6897C1942CA99006C83A2 /* CapsuleTests */ = {
			isa = PBXGroup;
			children = (
				D0E689821942CA99006C83A2 /* CapsuleTests.m */,
				D0E6897D1942CA99006C83A2 /* Supporting Files */,
			);
			path = CapsuleTests;
			sourceTree = "<group>";
		};
		D0E6897D1942CA99006C83A2 /* Supporting Files */ = {
			isa = PBXGroup;
			children = (
				D0E6897E1942CA99006C83A2 /* CapsuleTests-Info.plist */,
				D0E6897F1942CA99006C83A2 /* InfoPlist.strings */,
			);
			name = "Supporting Files";
			sourceTree = "<group>";
		};
/* End PBXGroup section */

/* Begin PBXNativeTarget section */
		D0E689531942CA98006C83A2 /* Capsule */ = {
			isa = PBXNativeTarget;
			buildConfigurationList = D0E689861942CA99006C83A2 /* Build configuration list for PBXNativeTarget "Capsule" */;
			buildPhases = (
				D0E689501942CA98006C83A2 /* Sources */,
				D0E689511942CA98006C83A2 /* Frameworks */,
				D0E689521942CA98006C83A2 /* Resources */,
			);
			buildRules = (
			);
			dependencies = (
			);
			name = Capsule;
			productName = Capsule;
			productReference = D0E689541942CA98006C83A2 /* Capsule.app */;
			productType = "com.apple.product-type.application";
		};
		D0E689741942CA99006C83A2 /* CapsuleTests */ = {
			isa = PBXNativeTarget;
			buildConfigurationList = D0E689891942CA99006C83A2 /* Build configuration list for PBXNativeTarget "CapsuleTests" */;
			buildPhases = (
				D0E689711942CA99006C83A2 /* Sources */,
				D0E689721942CA99006C83A2 /* Frameworks */,
				D0E689731942CA99006C83A2 /* Resources */,
			);
			buildRules = (
			);
			dependencies = (
				D0E6897B1942CA99006C83A2 /* PBXTargetDependency */,
			);
			name = CapsuleTests;
			productName = CapsuleTests;
			productReference = D0E689751942CA99006C83A2 /* CapsuleTests.xctest */;
			productType = "com.apple.product-type.bundle.unit-test";
		};
/* End PBXNativeTarget section */

/* Begin PBXProject section */
		D0E6894C1942CA98006C83A2 /* Project object */ = {
			isa = PBXProject;
			attributes = {
				LastUpgradeCheck = 0510;
				ORGANIZATIONNAME = "Marion Ano";
				TargetAttributes = {
					D0E689741942CA99006C83A2 = {
						TestTargetID = D0E689531942CA98006C83A2;
					};
				};
			};
			buildConfigurationList = D0E6894F1942CA98006C83A2 /* Build configuration list for PBXProject "Capsule" */;
			compatibilityVersion = "Xcode 3.2";
			developmentRegion = English;
			hasScannedForEncodings = 0;
			knownRegions = (
				en,
				Base,
			);
			mainGroup = D0E6894B1942CA98006C83A2;
			productRefGroup = D0E689551942CA98006C83A2 /* Products */;
			projectDirPath = "";
			projectRoot = "";
			targets = (
				D0E689531942CA98006C83A2 /* Capsule */,
				D0E689741942CA99006C83A2 /* CapsuleTests */,
			);
		};
/* End PBXProject section */

/* Begin PBXResourcesBuildPhase section */
		D0E689521942CA98006C83A2 /* Resources */ = {
			isa = PBXResourcesBuildPhase;
			buildActionMask = 2147483647;
			files = (
				D0E689701942CA98006C83A2 /* Images.xcassets in Resources */,
				D0E689621942CA98006C83A2 /* InfoPlist.strings in Resources */,
				D0E6896B1942CA98006C83A2 /* Main.storyboard in Resources */,
			);
			runOnlyForDeploymentPostprocessing = 0;
		};
		D0E689731942CA99006C83A2 /* Resources */ = {
			isa = PBXResourcesBuildPhase;
			buildActionMask = 2147483647;
			files = (
				D0E689811942CA99006C83A2 /* InfoPlist.strings in Resources */,
			);
			runOnlyForDeploymentPostprocessing = 0;
		};
/* End PBXResourcesBuildPhase section */

/* Begin PBXSourcesBuildPhase section */
		D0E689501942CA98006C83A2 /* Sources */ = {
			isa = PBXSourcesBuildPhase;
			buildActionMask = 2147483647;
			files = (
				D0E6896E1942CA98006C83A2 /* ViewController.m in Sources */,
				D0E6898E1942D402006C83A2 /* CameraViewController.m in Sources */,
				D0E689681942CA98006C83A2 /* AppDelegate.m in Sources */,
				D0E689641942CA98006C83A2 /* main.m in Sources */,
			);
			runOnlyForDeploymentPostprocessing = 0;
		};
		D0E689711942CA99006C83A2 /* Sources */ = {
			isa = PBXSourcesBuildPhase;
			buildActionMask = 2147483647;
			files = (
				D0E689831942CA99006C83A2 /* CapsuleTests.m in Sources */,
			);
			runOnlyForDeploymentPostprocessing = 0;
		};
/* End PBXSourcesBuildPhase section */

/* Begin PBXTargetDependency section */
		D0E6897B1942CA99006C83A2 /* PBXTargetDependency */ = {
			isa = PBXTargetDependency;
			target = D0E689531942CA98006C83A2 /* Capsule */;
			targetProxy = D0E6897A1942CA99006C83A2 /* PBXContainerItemProxy */;
		};
/* End PBXTargetDependency section */

/* Begin PBXVariantGroup section */
		D0E689601942CA98006C83A2 /* InfoPlist.strings */ = {
			isa = PBXVariantGroup;
			children = (
				D0E689611942CA98006C83A2 /* en */,
			);
			name = InfoPlist.strings;
			sourceTree = "<group>";
		};
		D0E689691942CA98006C83A2 /* Main.storyboard */ = {
			isa = PBXVariantGroup;
			children = (
				D0E6896A1942CA98006C83A2 /* Base */,
			);
			name = Main.storyboard;
			sourceTree = "<group>";
		};
		D0E6897F1942CA99006C83A2 /* InfoPlist.strings */ = {
			isa = PBXVariantGroup;
			children = (
				D0E689801942CA99006C83A2 /* en */,
			);
			name = InfoPlist.strings;
			sourceTree = "<group>";
		};
/* End PBXVariantGroup section */

/* Begin XCBuildConfiguration section */
		D0E689841942CA99006C83A2 /* Debug */ = {
			isa = XCBuildConfiguration;
			buildSettings = {
				ALWAYS_SEARCH_USER_PATHS = NO;
				CLANG_CXX_LANGUAGE_STANDARD = "gnu++0x";
				CLANG_CXX_LIBRARY = "libc++";
				CLANG_ENABLE_MODULES = YES;
				CLANG_ENABLE_OBJC_ARC = YES;
				CLANG_WARN_BOOL_CONVERSION = YES;
				CLANG_WARN_CONSTANT_CONVERSION = YES;
				CLANG_WARN_DIRECT_OBJC_ISA_USAGE = YES_ERROR;
				CLANG_WARN_EMPTY_BODY = YES;
				CLANG_WARN_ENUM_CONVERSION = YES;
				CLANG_WARN_INT_CONVERSION = YES;
				CLANG_WARN_OBJC_ROOT_CLASS = YES_ERROR;
				CLANG_WARN__DUPLICATE_METHOD_MATCH = YES;
				"CODE_SIGN_IDENTITY[sdk=iphoneos*]" = "iPhone Developer";
				COPY_PHASE_STRIP = NO;
				GCC_C_LANGUAGE_STANDARD = gnu99;
				GCC_DYNAMIC_NO_PIC = NO;
				GCC_OPTIMIZATION_LEVEL = 0;
				GCC_PREPROCESSOR_DEFINITIONS = (
					"DEBUG=1",
					"$(inherited)",
				);
				GCC_SYMBOLS_PRIVATE_EXTERN = NO;
				GCC_WARN_64_TO_32_BIT_CONVERSION = YES;
				GCC_WARN_ABOUT_RETURN_TYPE = YES_ERROR;
				GCC_WARN_UNDECLARED_SELECTOR = YES;
				GCC_WARN_UNINITIALIZED_AUTOS = YES_AGGRESSIVE;
				GCC_WARN_UNUSED_FUNCTION = YES;
				GCC_WARN_UNUSED_VARIABLE = YES;
				IPHONEOS_DEPLOYMENT_TARGET = 7.1;
				ONLY_ACTIVE_ARCH = YES;
				SDKROOT = iphoneos;
			};
			name = Debug;
		};
		D0E689851942CA99006C83A2 /* Release */ = {
			isa = XCBuildConfiguration;
			buildSettings = {
				ALWAYS_SEARCH_USER_PATHS = NO;
				CLANG_CXX_LANGUAGE_STANDARD = "gnu++0x";
				CLANG_CXX_LIBRARY = "libc++";
				CLANG_ENABLE_MODULES = YES;
				CLANG_ENABLE_OBJC_ARC = YES;
				CLANG_WARN_BOOL_CONVERSION = YES;
				CLANG_WARN_CONSTANT_CONVERSION = YES;
				CLANG_WARN_DIRECT_OBJC_ISA_USAGE = YES_ERROR;
				CLANG_WARN_EMPTY_BODY = YES;
				CLANG_WARN_ENUM_CONVERSION = YES;
				CLANG_WARN_INT_CONVERSION = YES;
				CLANG_WARN_OBJC_ROOT_CLASS = YES_ERROR;
				CLANG_WARN__DUPLICATE_METHOD_MATCH = YES;
				"CODE_SIGN_IDENTITY[sdk=iphoneos*]" = "iPhone Developer";
				COPY_PHASE_STRIP = YES;
				ENABLE_NS_ASSERTIONS = NO;
				GCC_C_LANGUAGE_STANDARD = gnu99;
				GCC_WARN_64_TO_32_BIT_CONVERSION = YES;
				GCC_WARN_ABOUT_RETURN_TYPE = YES_ERROR;
				GCC_WARN_UNDECLARED_SELECTOR = YES;
				GCC_WARN_UNINITIALIZED_AUTOS = YES_AGGRESSIVE;
				GCC_WARN_UNUSED_FUNCTION = YES;
				GCC_WARN_UNUSED_VARIABLE = YES;
				IPHONEOS_DEPLOYMENT_TARGET = 7.1;
				SDKROOT = iphoneos;
				VALIDATE_PRODUCT = YES;
			};
			name = Release;
		};
		D0E689871942CA99006C83A2 /* Debug */ = {
			isa = XCBuildConfiguration;
			buildSettings = {
				ASSETCATALOG_COMPILER_APPICON_NAME = AppIcon;
				ASSETCATALOG_COMPILER_LAUNCHIMAGE_NAME = LaunchImage;
				GCC_PRECOMPILE_PREFIX_HEADER = YES;
				GCC_PREFIX_HEADER = "Capsule/Capsule-Prefix.pch";
				INFOPLIST_FILE = "Capsule/Capsule-Info.plist";
				PRODUCT_NAME = "$(TARGET_NAME)";
				WRAPPER_EXTENSION = app;
			};
			name = Debug;
		};
		D0E689881942CA99006C83A2 /* Release */ = {
			isa = XCBuildConfiguration;
			buildSettings = {
				ASSETCATALOG_COMPILER_APPICON_NAME = AppIcon;
				ASSETCATALOG_COMPILER_LAUNCHIMAGE_NAME = LaunchImage;
				GCC_PRECOMPILE_PREFIX_HEADER = YES;
				GCC_PREFIX_HEADER = "Capsule/Capsule-Prefix.pch";
				INFOPLIST_FILE = "Capsule/Capsule-Info.plist";
				PRODUCT_NAME = "$(TARGET_NAME)";
				WRAPPER_EXTENSION = app;
			};
			name = Release;
		};
		D0E6898A1942CA99006C83A2 /* Debug */ = {
			isa = XCBuildConfiguration;
			buildSettings = {
				BUNDLE_LOADER = "$(BUILT_PRODUCTS_DIR)/Capsule.app/Capsule";
				FRAMEWORK_SEARCH_PATHS = (
					"$(SDKROOT)/Developer/Library/Frameworks",
					"$(inherited)",
					"$(DEVELOPER_FRAMEWORKS_DIR)",
				);
				GCC_PRECOMPILE_PREFIX_HEADER = YES;
				GCC_PREFIX_HEADER = "Capsule/Capsule-Prefix.pch";
				GCC_PREPROCESSOR_DEFINITIONS = (
					"DEBUG=1",
					"$(inherited)",
				);
				INFOPLIST_FILE = "CapsuleTests/CapsuleTests-Info.plist";
				PRODUCT_NAME = "$(TARGET_NAME)";
				TEST_HOST = "$(BUNDLE_LOADER)";
				WRAPPER_EXTENSION = xctest;
			};
			name = Debug;
		};
		D0E6898B1942CA99006C83A2 /* Release */ = {
			isa = XCBuildConfiguration;
			buildSettings = {
				BUNDLE_LOADER = "$(BUILT_PRODUCTS_DIR)/Capsule.app/Capsule";
				FRAMEWORK_SEARCH_PATHS = (
					"$(SDKROOT)/Developer/Library/Frameworks",
					"$(inherited)",
					"$(DEVELOPER_FRAMEWORKS_DIR)",
				);
				GCC_PRECOMPILE_PREFIX_HEADER = YES;
				GCC_PREFIX_HEADER = "Capsule/Capsule-Prefix.pch";
				INFOPLIST_FILE = "CapsuleTests/CapsuleTests-Info.plist";
				PRODUCT_NAME = "$(TARGET_NAME)";
				TEST_HOST = "$(BUNDLE_LOADER)";
				WRAPPER_EXTENSION = xctest;
			};
			name = Release;
		};
/* End XCBuildConfiguration section */

/* Begin XCConfigurationList section */
		D0E6894F1942CA98006C83A2 /* Build configuration list for PBXProject "Capsule" */ = {
			isa = XCConfigurationList;
			buildConfigurations = (
				D0E689841942CA99006C83A2 /* Debug */,
				D0E689851942CA99006C83A2 /* Release */,
			);
			defaultConfigurationIsVisible = 0;
			defaultConfigurationName = Release;
		};
		D0E689861942CA99006C83A2 /* Build configuration list for PBXNativeTarget "Capsule" */ = {
			isa = XCConfigurationList;
			buildConfigurations = (
				D0E689871942CA99006C83A2 /* Debug */,
				D0E689881942CA99006C83A2 /* Release */,
			);
			defaultConfigurationIsVisible = 0;
		};
		D0E689891942CA99006C83A2 /* Build configuration list for PBXNativeTarget "CapsuleTests" */ = {
			isa = XCConfigurationList;
			buildConfigurations = (
				D0E6898A1942CA99006C83A2 /* Debug */,
				D0E6898B1942CA99006C83A2 /* Release */,
			);
			defaultConfigurationIsVisible = 0;
		};
/* End XCConfigurationList section */
	};
	rootObject = D0E6894C1942CA98006C83A2 /* Project object */;
}
